{
  "sources": {
    "redash": {
      "path": "../cookbooks/redash"
    },
    "apt": {
      "locked_version": "2.3.0"
    },
    "postgresql": {
      "locked_version": "3.2.0"
    },
    "build-essential": {
      "locked_version": "1.4.2"
    },
    "openssl": {
      "locked_version": "1.1.0"
    },
    "python": {
      "locked_version": "1.4.4"
    },
    "yum": {
      "locked_version": "2.4.2"
    },
    "ark": {
      "locked_version": "0.4.0"
    },
    "database": {
      "locked_version": "1.5.2"
    },
    "mysql": {
      "locked_version": "4.0.4"
    },
    "aws": {
      "locked_version": "1.0.0"
    },
    "xfs": {
      "locked_version": "1.1.0"
    },
    "dhcp": {
      "locked_version": "2.0.1"
    },
    "ruby-helper": {
      "locked_version": "0.0.1"
    },
    "helpers-databags": {
      "locked_version": "1.0.0"
    },
    "sysctl": {
      "locked_version": "0.3.4"
    },
    "git": {
      "locked_version": "2.7.0"
    },
    "dmg": {
      "locked_version": "2.0.8"
    },
    "windows": {
      "locked_version": "1.11.0"
    },
    "chef_handler": {
      "locked_version": "1.1.4"
    },
    "runit": {
      "locked_version": "1.4.0"
    }
  }
}
